
Microsoft Visual Studio Solution File, Format Version 12.00
# Visual Studio Version 17
VisualStudioVersion = 17.0.31903.59
MinimumVisualStudioVersion = 10.0.40219.1
Project("{2150E333-8FDC-42A3-9474-1A3956D46DE8}") = "src", "src", "{827E0CD3-B72D-47B6-A68D-7590B98EB39B}"
EndProject
Project("{2150E333-8FDC-42A3-9474-1A3956D46DE8}") = "BFF", "BFF", "{B5512AA7-7B9B-1802-74DB-5DED17EB80F5}"
EndProject
Project("{FAE04EC0-301F-11D3-BF4B-00C04F79EFBC}") = "BFF.API", "src\BFF\BFF.API\BFF.API.csproj", "{37791BE8-5AB3-4739-8E25-BF12AF72813B}"
EndProject
Project("{FAE04EC0-301F-11D3-BF4B-00C04F79EFBC}") = "BFF.Application", "src\BFF\BFF.Application\BFF.Application.csproj", "{9D753A87-7569-4162-9E67-1B3F43CDC5A0}"
EndProject
Project("{FAE04EC0-301F-11D3-BF4B-00C04F79EFBC}") = "BFF.Infrastructure", "src\BFF\BFF.Infrastructure\BFF.Infrastructure.csproj", "{7C7538B4-C7F8-4AD9-AF1F-68FEF12EDFC0}"
EndProject
Project("{FAE04EC0-301F-11D3-BF4B-00C04F79EFBC}") = "UserService.API", "src\UserService\UserService.API\UserService.API.csproj", "{96F78884-C246-4B0E-9FAD-DC3A9E426AC6}"
EndProject
Project("{FAE04EC0-301F-11D3-BF4B-00C04F79EFBC}") = "UserService.Application", "src\UserService\UserService.Application\UserService.Application.csproj", "{E290651F-0E04-461B-A1FC-96547E703A76}"
EndProject
Project("{FAE04EC0-301F-11D3-BF4B-00C04F79EFBC}") = "UserService.Domain", "src\UserService\UserService.Domain\UserService.Domain.csproj", "{F403FA4F-AA52-40A8-A541-27FF9943D05D}"
EndProject
Project("{FAE04EC0-301F-11D3-BF4B-00C04F79EFBC}") = "UserService.Infrastructure", "src\UserService\UserService.Infrastructure\UserService.Infrastructure.csproj", "{D29A9C43-8729-4D8C-B180-9A32F2A62BA3}"
EndProject
Project("{2150E333-8FDC-42A3-9474-1A3956D46DE8}") = "ImageService", "ImageService", "{B0471496-5A6E-4534-6BC1-3D819D33634B}"
EndProject
Project("{FAE04EC0-301F-11D3-BF4B-00C04F79EFBC}") = "ImageService.API", "src\ImageService\ImageService.API\ImageService.API.csproj", "{28406530-A0BB-4729-9286-544468122B8E}"
EndProject
Project("{FAE04EC0-301F-11D3-BF4B-00C04F79EFBC}") = "ImageService.Application", "src\ImageService\ImageService.Application\ImageService.Application.csproj", "{386461FA-8E16-4A45-9D58-7719003E3ED3}"
EndProject
Project("{FAE04EC0-301F-11D3-BF4B-00C04F79EFBC}") = "ImageService.Domain", "src\ImageService\ImageService.Domain\ImageService.Domain.csproj", "{C291D1E1-E0DD-4030-98AD-DEC36E959DF9}"
EndProject
Project("{FAE04EC0-301F-11D3-BF4B-00C04F79EFBC}") = "ImageService.Infrastructure", "src\ImageService\ImageService.Infrastructure\ImageService.Infrastructure.csproj", "{888A512A-B9C0-4B3F-B2D0-D48F62BC6FC5}"
EndProject
Project("{FAE04EC0-301F-11D3-BF4B-00C04F79EFBC}") = "TokenService.API", "src\TokenService\TokenService.API\TokenService.API.csproj", "{D68616BC-BC39-43E4-A9D0-FF84A813721B}"
EndProject
Project("{FAE04EC0-301F-11D3-BF4B-00C04F79EFBC}") = "TokenService.Application", "src\TokenService\TokenService.Application\TokenService.Application.csproj", "{D9CDF6F4-69C7-4241-929F-0D207E2E0F53}"
EndProject
Project("{FAE04EC0-301F-11D3-BF4B-00C04F79EFBC}") = "TokenService.Domain", "src\TokenService\TokenService.Domain\TokenService.Domain.csproj", "{FAC20CFA-DC01-4137-8561-AC48EA4DA05C}"
EndProject
Project("{FAE04EC0-301F-11D3-BF4B-00C04F79EFBC}") = "TokenService.Infrastructure", "src\TokenService\TokenService.Infrastructure\TokenService.Infrastructure.csproj", "{6CD4E386-E2A0-4F22-8CCC-34DDA2A7CFCC}"
EndProject
Project("{2150E333-8FDC-42A3-9474-1A3956D46DE8}") = "tests", "tests", "{0AB3BF05-4346-4AA6-1389-037BE0695223}"
EndProject
Project("{FAE04EC0-301F-11D3-BF4B-00C04F79EFBC}") = "UserService.Tests", "tests\UserService.Tests\UserService.Tests.csproj", "{06EA7EAA-C6AD-4C9C-BA25-85F59AFF6DF0}"
EndProject
Project("{FAE04EC0-301F-11D3-BF4B-00C04F79EFBC}") = "ImageService.Tests", "tests\ImageService.Tests\ImageService.Tests.csproj", "{27BC4BBE-17E7-4F26-98E7-4FF4868AE03B}"
EndProject
Project("{FAE04EC0-301F-11D3-BF4B-00C04F79EFBC}") = "TokenService.Tests", "tests\TokenService.Tests\TokenService.Tests.csproj", "{D476A67D-69D3-4EA8-90BF-F526A4BED03F}"
EndProject
Project("{2150E333-8FDC-42A3-9474-1A3956D46DE8}") = "UserService", "UserService", "{02EA681E-C7D8-13C7-8484-4AC65E1B71E8}"
EndProject
Project("{2150E333-8FDC-42A3-9474-1A3956D46DE8}") = "TokenService", "TokenService", "{DADE657F-BF36-410F-80A7-0DADC6CA341F}"
EndProject
Project("{FAE04EC0-301F-11D3-BF4B-00C04F79EFBC}") = "BFF.Tests", "tests\BFF.Tests\BFF.Tests.csproj", "{880D8D36-4711-960B-B87B-99BC5F622916}"
EndProject
Global
	GlobalSection(SolutionConfigurationPlatforms) = preSolution
		Debug|Any CPU = Debug|Any CPU
		Debug|x64 = Debug|x64
		Debug|x86 = Debug|x86
		Release|Any CPU = Release|Any CPU
		Release|x64 = Release|x64
		Release|x86 = Release|x86
	EndGlobalSection
	GlobalSection(ProjectConfigurationPlatforms) = postSolution
		{37791BE8-5AB3-4739-8E25-BF12AF72813B}.Debug|Any CPU.ActiveCfg = Debug|Any CPU
		{37791BE8-5AB3-4739-8E25-BF12AF72813B}.Debug|Any CPU.Build.0 = Debug|Any CPU
		{37791BE8-5AB3-4739-8E25-BF12AF72813B}.Debug|x64.ActiveCfg = Debug|Any CPU
		{37791BE8-5AB3-4739-8E25-BF12AF72813B}.Debug|x64.Build.0 = Debug|Any CPU
		{37791BE8-5AB3-4739-8E25-BF12AF72813B}.Debug|x86.ActiveCfg = Debug|Any CPU
		{37791BE8-5AB3-4739-8E25-BF12AF72813B}.Debug|x86.Build.0 = Debug|Any CPU
		{37791BE8-5AB3-4739-8E25-BF12AF72813B}.Release|Any CPU.ActiveCfg = Release|Any CPU
		{37791BE8-5AB3-4739-8E25-BF12AF72813B}.Release|Any CPU.Build.0 = Release|Any CPU
		{37791BE8-5AB3-4739-8E25-BF12AF72813B}.Release|x64.ActiveCfg = Release|Any CPU
		{37791BE8-5AB3-4739-8E25-BF12AF72813B}.Release|x64.Build.0 = Release|Any CPU
		{37791BE8-5AB3-4739-8E25-BF12AF72813B}.Release|x86.ActiveCfg = Release|Any CPU
		{37791BE8-5AB3-4739-8E25-BF12AF72813B}.Release|x86.Build.0 = Release|Any CPU
		{9D753A87-7569-4162-9E67-1B3F43CDC5A0}.Debug|Any CPU.ActiveCfg = Debug|Any CPU
		{9D753A87-7569-4162-9E67-1B3F43CDC5A0}.Debug|Any CPU.Build.0 = Debug|Any CPU
		{9D753A87-7569-4162-9E67-1B3F43CDC5A0}.Debug|x64.ActiveCfg = Debug|Any CPU
		{9D753A87-7569-4162-9E67-1B3F43CDC5A0}.Debug|x64.Build.0 = Debug|Any CPU
		{9D753A87-7569-4162-9E67-1B3F43CDC5A0}.Debug|x86.ActiveCfg = Debug|Any CPU
		{9D753A87-7569-4162-9E67-1B3F43CDC5A0}.Debug|x86.Build.0 = Debug|Any CPU
		{9D753A87-7569-4162-9E67-1B3F43CDC5A0}.Release|Any CPU.ActiveCfg = Release|Any CPU
		{9D753A87-7569-4162-9E67-1B3F43CDC5A0}.Release|Any CPU.Build.0 = Release|Any CPU
		{9D753A87-7569-4162-9E67-1B3F43CDC5A0}.Release|x64.ActiveCfg = Release|Any CPU
		{9D753A87-7569-4162-9E67-1B3F43CDC5A0}.Release|x64.Build.0 = Release|Any CPU
		{9D753A87-7569-4162-9E67-1B3F43CDC5A0}.Release|x86.ActiveCfg = Release|Any CPU
		{9D753A87-7569-4162-9E67-1B3F43CDC5A0}.Release|x86.Build.0 = Release|Any CPU
		{7C7538B4-C7F8-4AD9-AF1F-68FEF12EDFC0}.Debug|Any CPU.ActiveCfg = Debug|Any CPU
		{7C7538B4-C7F8-4AD9-AF1F-68FEF12EDFC0}.Debug|Any CPU.Build.0 = Debug|Any CPU
		{7C7538B4-C7F8-4AD9-AF1F-68FEF12EDFC0}.Debug|x64.ActiveCfg = Debug|Any CPU
		{7C7538B4-C7F8-4AD9-AF1F-68FEF12EDFC0}.Debug|x64.Build.0 = Debug|Any CPU
		{7C7538B4-C7F8-4AD9-AF1F-68FEF12EDFC0}.Debug|x86.ActiveCfg = Debug|Any CPU
		{7C7538B4-C7F8-4AD9-AF1F-68FEF12EDFC0}.Debug|x86.Build.0 = Debug|Any CPU
		{7C7538B4-C7F8-4AD9-AF1F-68FEF12EDFC0}.Release|Any CPU.ActiveCfg = Release|Any CPU
		{7C7538B4-C7F8-4AD9-AF1F-68FEF12EDFC0}.Release|Any CPU.Build.0 = Release|Any CPU
		{7C7538B4-C7F8-4AD9-AF1F-68FEF12EDFC0}.Release|x64.ActiveCfg = Release|Any CPU
		{7C7538B4-C7F8-4AD9-AF1F-68FEF12EDFC0}.Release|x64.Build.0 = Release|Any CPU
		{7C7538B4-C7F8-4AD9-AF1F-68FEF12EDFC0}.Release|x86.ActiveCfg = Release|Any CPU
		{7C7538B4-C7F8-4AD9-AF1F-68FEF12EDFC0}.Release|x86.Build.0 = Release|Any CPU
		{96F78884-C246-4B0E-9FAD-DC3A9E426AC6}.Debug|Any CPU.ActiveCfg = Debug|Any CPU
		{96F78884-C246-4B0E-9FAD-DC3A9E426AC6}.Debug|Any CPU.Build.0 = Debug|Any CPU
		{96F78884-C246-4B0E-9FAD-DC3A9E426AC6}.Debug|x64.ActiveCfg = Debug|Any CPU
		{96F78884-C246-4B0E-9FAD-DC3A9E426AC6}.Debug|x64.Build.0 = Debug|Any CPU
		{96F78884-C246-4B0E-9FAD-DC3A9E426AC6}.Debug|x86.ActiveCfg = Debug|Any CPU
		{96F78884-C246-4B0E-9FAD-DC3A9E426AC6}.Debug|x86.Build.0 = Debug|Any CPU
		{96F78884-C246-4B0E-9FAD-DC3A9E426AC6}.Release|Any CPU.ActiveCfg = Release|Any CPU
		{96F78884-C246-4B0E-9FAD-DC3A9E426AC6}.Release|Any CPU.Build.0 = Release|Any CPU
		{96F78884-C246-4B0E-9FAD-DC3A9E426AC6}.Release|x64.ActiveCfg = Release|Any CPU
		{96F78884-C246-4B0E-9FAD-DC3A9E426AC6}.Release|x64.Build.0 = Release|Any CPU
		{96F78884-C246-4B0E-9FAD-DC3A9E426AC6}.Release|x86.ActiveCfg = Release|Any CPU
		{96F78884-C246-4B0E-9FAD-DC3A9E426AC6}.Release|x86.Build.0 = Release|Any CPU
		{E290651F-0E04-461B-A1FC-96547E703A76}.Debug|Any CPU.ActiveCfg = Debug|Any CPU
		{E290651F-0E04-461B-A1FC-96547E703A76}.Debug|Any CPU.Build.0 = Debug|Any CPU
		{E290651F-0E04-461B-A1FC-96547E703A76}.Debug|x64.ActiveCfg = Debug|Any CPU
		{E290651F-0E04-461B-A1FC-96547E703A76}.Debug|x64.Build.0 = Debug|Any CPU
		{E290651F-0E04-461B-A1FC-96547E703A76}.Debug|x86.ActiveCfg = Debug|Any CPU
		{E290651F-0E04-461B-A1FC-96547E703A76}.Debug|x86.Build.0 = Debug|Any CPU
		{E290651F-0E04-461B-A1FC-96547E703A76}.Release|Any CPU.ActiveCfg = Release|Any CPU
		{E290651F-0E04-461B-A1FC-96547E703A76}.Release|Any CPU.Build.0 = Release|Any CPU
		{E290651F-0E04-461B-A1FC-96547E703A76}.Release|x64.ActiveCfg = Release|Any CPU
		{E290651F-0E04-461B-A1FC-96547E703A76}.Release|x64.Build.0 = Release|Any CPU
		{E290651F-0E04-461B-A1FC-96547E703A76}.Release|x86.ActiveCfg = Release|Any CPU
		{E290651F-0E04-461B-A1FC-96547E703A76}.Release|x86.Build.0 = Release|Any CPU
		{F403FA4F-AA52-40A8-A541-27FF9943D05D}.Debug|Any CPU.ActiveCfg = Debug|Any CPU
		{F403FA4F-AA52-40A8-A541-27FF9943D05D}.Debug|Any CPU.Build.0 = Debug|Any CPU
		{F403FA4F-AA52-40A8-A541-27FF9943D05D}.Debug|x64.ActiveCfg = Debug|Any CPU
		{F403FA4F-AA52-40A8-A541-27FF9943D05D}.Debug|x64.Build.0 = Debug|Any CPU
		{F403FA4F-AA52-40A8-A541-27FF9943D05D}.Debug|x86.ActiveCfg = Debug|Any CPU
		{F403FA4F-AA52-40A8-A541-27FF9943D05D}.Debug|x86.Build.0 = Debug|Any CPU
		{F403FA4F-AA52-40A8-A541-27FF9943D05D}.Release|Any CPU.ActiveCfg = Release|Any CPU
		{F403FA4F-AA52-40A8-A541-27FF9943D05D}.Release|Any CPU.Build.0 = Release|Any CPU
		{F403FA4F-AA52-40A8-A541-27FF9943D05D}.Release|x64.ActiveCfg = Release|Any CPU
		{F403FA4F-AA52-40A8-A541-27FF9943D05D}.Release|x64.Build.0 = Release|Any CPU
		{F403FA4F-AA52-40A8-A541-27FF9943D05D}.Release|x86.ActiveCfg = Release|Any CPU
		{F403FA4F-AA52-40A8-A541-27FF9943D05D}.Release|x86.Build.0 = Release|Any CPU
		{D29A9C43-8729-4D8C-B180-9A32F2A62BA3}.Debug|Any CPU.ActiveCfg = Debug|Any CPU
		{D29A9C43-8729-4D8C-B180-9A32F2A62BA3}.Debug|Any CPU.Build.0 = Debug|Any CPU
		{D29A9C43-8729-4D8C-B180-9A32F2A62BA3}.Debug|x64.ActiveCfg = Debug|Any CPU
		{D29A9C43-8729-4D8C-B180-9A32F2A62BA3}.Debug|x64.Build.0 = Debug|Any CPU
		{D29A9C43-8729-4D8C-B180-9A32F2A62BA3}.Debug|x86.ActiveCfg = Debug|Any CPU
		{D29A9C43-8729-4D8C-B180-9A32F2A62BA3}.Debug|x86.Build.0 = Debug|Any CPU
		{D29A9C43-8729-4D8C-B180-9A32F2A62BA3}.Release|Any CPU.ActiveCfg = Release|Any CPU
		{D29A9C43-8729-4D8C-B180-9A32F2A62BA3}.Release|Any CPU.Build.0 = Release|Any CPU
		{D29A9C43-8729-4D8C-B180-9A32F2A62BA3}.Release|x64.ActiveCfg = Release|Any CPU
		{D29A9C43-8729-4D8C-B180-9A32F2A62BA3}.Release|x64.Build.0 = Release|Any CPU
		{D29A9C43-8729-4D8C-B180-9A32F2A62BA3}.Release|x86.ActiveCfg = Release|Any CPU
		{D29A9C43-8729-4D8C-B180-9A32F2A62BA3}.Release|x86.Build.0 = Release|Any CPU
		{28406530-A0BB-4729-9286-544468122B8E}.Debug|Any CPU.ActiveCfg = Debug|Any CPU
		{28406530-A0BB-4729-9286-544468122B8E}.Debug|Any CPU.Build.0 = Debug|Any CPU
		{28406530-A0BB-4729-9286-544468122B8E}.Debug|x64.ActiveCfg = Debug|Any CPU
		{28406530-A0BB-4729-9286-544468122B8E}.Debug|x64.Build.0 = Debug|Any CPU
		{28406530-A0BB-4729-9286-544468122B8E}.Debug|x86.ActiveCfg = Debug|Any CPU
		{28406530-A0BB-4729-9286-544468122B8E}.Debug|x86.Build.0 = Debug|Any CPU
		{28406530-A0BB-4729-9286-544468122B8E}.Release|Any CPU.ActiveCfg = Release|Any CPU
		{28406530-A0BB-4729-9286-544468122B8E}.Release|Any CPU.Build.0 = Release|Any CPU
		{28406530-A0BB-4729-9286-544468122B8E}.Release|x64.ActiveCfg = Release|Any CPU
		{28406530-A0BB-4729-9286-544468122B8E}.Release|x64.Build.0 = Release|Any CPU
		{28406530-A0BB-4729-9286-544468122B8E}.Release|x86.ActiveCfg = Release|Any CPU
		{28406530-A0BB-4729-9286-544468122B8E}.Release|x86.Build.0 = Release|Any CPU
		{386461FA-8E16-4A45-9D58-7719003E3ED3}.Debug|Any CPU.ActiveCfg = Debug|Any CPU
		{386461FA-8E16-4A45-9D58-7719003E3ED3}.Debug|Any CPU.Build.0 = Debug|Any CPU
		{386461FA-8E16-4A45-9D58-7719003E3ED3}.Debug|x64.ActiveCfg = Debug|Any CPU
		{386461FA-8E16-4A45-9D58-7719003E3ED3}.Debug|x64.Build.0 = Debug|Any CPU
		{386461FA-8E16-4A45-9D58-7719003E3ED3}.Debug|x86.ActiveCfg = Debug|Any CPU
		{386461FA-8E16-4A45-9D58-7719003E3ED3}.Debug|x86.Build.0 = Debug|Any CPU
		{386461FA-8E16-4A45-9D58-7719003E3ED3}.Release|Any CPU.ActiveCfg = Release|Any CPU
		{386461FA-8E16-4A45-9D58-7719003E3ED3}.Release|Any CPU.Build.0 = Release|Any CPU
		{386461FA-8E16-4A45-9D58-7719003E3ED3}.Release|x64.ActiveCfg = Release|Any CPU
		{386461FA-8E16-4A45-9D58-7719003E3ED3}.Release|x64.Build.0 = Release|Any CPU
		{386461FA-8E16-4A45-9D58-7719003E3ED3}.Release|x86.ActiveCfg = Release|Any CPU
		{386461FA-8E16-4A45-9D58-7719003E3ED3}.Release|x86.Build.0 = Release|Any CPU
		{C291D1E1-E0DD-4030-98AD-DEC36E959DF9}.Debug|Any CPU.ActiveCfg = Debug|Any CPU
		{C291D1E1-E0DD-4030-98AD-DEC36E959DF9}.Debug|Any CPU.Build.0 = Debug|Any CPU
		{C291D1E1-E0DD-4030-98AD-DEC36E959DF9}.Debug|x64.ActiveCfg = Debug|Any CPU
		{C291D1E1-E0DD-4030-98AD-DEC36E959DF9}.Debug|x64.Build.0 = Debug|Any CPU
		{C291D1E1-E0DD-4030-98AD-DEC36E959DF9}.Debug|x86.ActiveCfg = Debug|Any CPU
		{C291D1E1-E0DD-4030-98AD-DEC36E959DF9}.Debug|x86.Build.0 = Debug|Any CPU
		{C291D1E1-E0DD-4030-98AD-DEC36E959DF9}.Release|Any CPU.ActiveCfg = Release|Any CPU
		{C291D1E1-E0DD-4030-98AD-DEC36E959DF9}.Release|Any CPU.Build.0 = Release|Any CPU
		{C291D1E1-E0DD-4030-98AD-DEC36E959DF9}.Release|x64.ActiveCfg = Release|Any CPU
		{C291D1E1-E0DD-4030-98AD-DEC36E959DF9}.Release|x64.Build.0 = Release|Any CPU
		{C291D1E1-E0DD-4030-98AD-DEC36E959DF9}.Release|x86.ActiveCfg = Release|Any CPU
		{C291D1E1-E0DD-4030-98AD-DEC36E959DF9}.Release|x86.Build.0 = Release|Any CPU
		{888A512A-B9C0-4B3F-B2D0-D48F62BC6FC5}.Debug|Any CPU.ActiveCfg = Debug|Any CPU
		{888A512A-B9C0-4B3F-B2D0-D48F62BC6FC5}.Debug|Any CPU.Build.0 = Debug|Any CPU
		{888A512A-B9C0-4B3F-B2D0-D48F62BC6FC5}.Debug|x64.ActiveCfg = Debug|Any CPU
		{888A512A-B9C0-4B3F-B2D0-D48F62BC6FC5}.Debug|x64.Build.0 = Debug|Any CPU
		{888A512A-B9C0-4B3F-B2D0-D48F62BC6FC5}.Debug|x86.ActiveCfg = Debug|Any CPU
		{888A512A-B9C0-4B3F-B2D0-D48F62BC6FC5}.Debug|x86.Build.0 = Debug|Any CPU
		{888A512A-B9C0-4B3F-B2D0-D48F62BC6FC5}.Release|Any CPU.ActiveCfg = Release|Any CPU
		{888A512A-B9C0-4B3F-B2D0-D48F62BC6FC5}.Release|Any CPU.Build.0 = Release|Any CPU
		{888A512A-B9C0-4B3F-B2D0-D48F62BC6FC5}.Release|x64.ActiveCfg = Release|Any CPU
		{888A512A-B9C0-4B3F-B2D0-D48F62BC6FC5}.Release|x64.Build.0 = Release|Any CPU
		{888A512A-B9C0-4B3F-B2D0-D48F62BC6FC5}.Release|x86.ActiveCfg = Release|Any CPU
		{888A512A-B9C0-4B3F-B2D0-D48F62BC6FC5}.Release|x86.Build.0 = Release|Any CPU
		{D68616BC-BC39-43E4-A9D0-FF84A813721B}.Debug|Any CPU.ActiveCfg = Debug|Any CPU
		{D68616BC-BC39-43E4-A9D0-FF84A813721B}.Debug|Any CPU.Build.0 = Debug|Any CPU
		{D68616BC-BC39-43E4-A9D0-FF84A813721B}.Debug|x64.ActiveCfg = Debug|Any CPU
		{D68616BC-BC39-43E4-A9D0-FF84A813721B}.Debug|x64.Build.0 = Debug|Any CPU
		{D68616BC-BC39-43E4-A9D0-FF84A813721B}.Debug|x86.ActiveCfg = Debug|Any CPU
		{D68616BC-BC39-43E4-A9D0-FF84A813721B}.Debug|x86.Build.0 = Debug|Any CPU
		{D68616BC-BC39-43E4-A9D0-FF84A813721B}.Release|Any CPU.ActiveCfg = Release|Any CPU
		{D68616BC-BC39-43E4-A9D0-FF84A813721B}.Release|Any CPU.Build.0 = Release|Any CPU
		{D68616BC-BC39-43E4-A9D0-FF84A813721B}.Release|x64.ActiveCfg = Release|Any CPU
		{D68616BC-BC39-43E4-A9D0-FF84A813721B}.Release|x64.Build.0 = Release|Any CPU
		{D68616BC-BC39-43E4-A9D0-FF84A813721B}.Release|x86.ActiveCfg = Release|Any CPU
		{D68616BC-BC39-43E4-A9D0-FF84A813721B}.Release|x86.Build.0 = Release|Any CPU
		{D9CDF6F4-69C7-4241-929F-0D207E2E0F53}.Debug|Any CPU.ActiveCfg = Debug|Any CPU
		{D9CDF6F4-69C7-4241-929F-0D207E2E0F53}.Debug|Any CPU.Build.0 = Debug|Any CPU
		{D9CDF6F4-69C7-4241-929F-0D207E2E0F53}.Debug|x64.ActiveCfg = Debug|Any CPU
		{D9CDF6F4-69C7-4241-929F-0D207E2E0F53}.Debug|x64.Build.0 = Debug|Any CPU
		{D9CDF6F4-69C7-4241-929F-0D207E2E0F53}.Debug|x86.ActiveCfg = Debug|Any CPU
		{D9CDF6F4-69C7-4241-929F-0D207E2E0F53}.Debug|x86.Build.0 = Debug|Any CPU
		{D9CDF6F4-69C7-4241-929F-0D207E2E0F53}.Release|Any CPU.ActiveCfg = Release|Any CPU
		{D9CDF6F4-69C7-4241-929F-0D207E2E0F53}.Release|Any CPU.Build.0 = Release|Any CPU
		{D9CDF6F4-69C7-4241-929F-0D207E2E0F53}.Release|x64.ActiveCfg = Release|Any CPU
		{D9CDF6F4-69C7-4241-929F-0D207E2E0F53}.Release|x64.Build.0 = Release|Any CPU
		{D9CDF6F4-69C7-4241-929F-0D207E2E0F53}.Release|x86.ActiveCfg = Release|Any CPU
		{D9CDF6F4-69C7-4241-929F-0D207E2E0F53}.Release|x86.Build.0 = Release|Any CPU
		{FAC20CFA-DC01-4137-8561-AC48EA4DA05C}.Debug|Any CPU.ActiveCfg = Debug|Any CPU
		{FAC20CFA-DC01-4137-8561-AC48EA4DA05C}.Debug|Any CPU.Build.0 = Debug|Any CPU
		{FAC20CFA-DC01-4137-8561-AC48EA4DA05C}.Debug|x64.ActiveCfg = Debug|Any CPU
		{FAC20CFA-DC01-4137-8561-AC48EA4DA05C}.Debug|x64.Build.0 = Debug|Any CPU
		{FAC20CFA-DC01-4137-8561-AC48EA4DA05C}.Debug|x86.ActiveCfg = Debug|Any CPU
		{FAC20CFA-DC01-4137-8561-AC48EA4DA05C}.Debug|x86.Build.0 = Debug|Any CPU
		{FAC20CFA-DC01-4137-8561-AC48EA4DA05C}.Release|Any CPU.ActiveCfg = Release|Any CPU
		{FAC20CFA-DC01-4137-8561-AC48EA4DA05C}.Release|Any CPU.Build.0 = Release|Any CPU
		{FAC20CFA-DC01-4137-8561-AC48EA4DA05C}.Release|x64.ActiveCfg = Release|Any CPU
		{FAC20CFA-DC01-4137-8561-AC48EA4DA05C}.Release|x64.Build.0 = Release|Any CPU
		{FAC20CFA-DC01-4137-8561-AC48EA4DA05C}.Release|x86.ActiveCfg = Release|Any CPU
		{FAC20CFA-DC01-4137-8561-AC48EA4DA05C}.Release|x86.Build.0 = Release|Any CPU
		{6CD4E386-E2A0-4F22-8CCC-34DDA2A7CFCC}.Debug|Any CPU.ActiveCfg = Debug|Any CPU
		{6CD4E386-E2A0-4F22-8CCC-34DDA2A7CFCC}.Debug|Any CPU.Build.0 = Debug|Any CPU
		{6CD4E386-E2A0-4F22-8CCC-34DDA2A7CFCC}.Debug|x64.ActiveCfg = Debug|Any CPU
		{6CD4E386-E2A0-4F22-8CCC-34DDA2A7CFCC}.Debug|x64.Build.0 = Debug|Any CPU
		{6CD4E386-E2A0-4F22-8CCC-34DDA2A7CFCC}.Debug|x86.ActiveCfg = Debug|Any CPU
		{6CD4E386-E2A0-4F22-8CCC-34DDA2A7CFCC}.Debug|x86.Build.0 = Debug|Any CPU
		{6CD4E386-E2A0-4F22-8CCC-34DDA2A7CFCC}.Release|Any CPU.ActiveCfg = Release|Any CPU
		{6CD4E386-E2A0-4F22-8CCC-34DDA2A7CFCC}.Release|Any CPU.Build.0 = Release|Any CPU
		{6CD4E386-E2A0-4F22-8CCC-34DDA2A7CFCC}.Release|x64.ActiveCfg = Release|Any CPU
		{6CD4E386-E2A0-4F22-8CCC-34DDA2A7CFCC}.Release|x64.Build.0 = Release|Any CPU
		{6CD4E386-E2A0-4F22-8CCC-34DDA2A7CFCC}.Release|x86.ActiveCfg = Release|Any CPU
		{6CD4E386-E2A0-4F22-8CCC-34DDA2A7CFCC}.Release|x86.Build.0 = Release|Any CPU
		{06EA7EAA-C6AD-4C9C-BA25-85F59AFF6DF0}.Debug|Any CPU.ActiveCfg = Debug|Any CPU
		{06EA7EAA-C6AD-4C9C-BA25-85F59AFF6DF0}.Debug|Any CPU.Build.0 = Debug|Any CPU
		{06EA7EAA-C6AD-4C9C-BA25-85F59AFF6DF0}.Debug|x64.ActiveCfg = Debug|Any CPU
		{06EA7EAA-C6AD-4C9C-BA25-85F59AFF6DF0}.Debug|x64.Build.0 = Debug|Any CPU
		{06EA7EAA-C6AD-4C9C-BA25-85F59AFF6DF0}.Debug|x86.ActiveCfg = Debug|Any CPU
		{06EA7EAA-C6AD-4C9C-BA25-85F59AFF6DF0}.Debug|x86.Build.0 = Debug|Any CPU
		{06EA7EAA-C6AD-4C9C-BA25-85F59AFF6DF0}.Release|Any CPU.ActiveCfg = Release|Any CPU
		{06EA7EAA-C6AD-4C9C-BA25-85F59AFF6DF0}.Release|Any CPU.Build.0 = Release|Any CPU
		{06EA7EAA-C6AD-4C9C-BA25-85F59AFF6DF0}.Release|x64.ActiveCfg = Release|Any CPU
		{06EA7EAA-C6AD-4C9C-BA25-85F59AFF6DF0}.Release|x64.Build.0 = Release|Any CPU
		{06EA7EAA-C6AD-4C9C-BA25-85F59AFF6DF0}.Release|x86.ActiveCfg = Release|Any CPU
		{06EA7EAA-C6AD-4C9C-BA25-85F59AFF6DF0}.Release|x86.Build.0 = Release|Any CPU
		{27BC4BBE-17E7-4F26-98E7-4FF4868AE03B}.Debug|Any CPU.ActiveCfg = Debug|Any CPU
		{27BC4BBE-17E7-4F26-98E7-4FF4868AE03B}.Debug|Any CPU.Build.0 = Debug|Any CPU
		{27BC4BBE-17E7-4F26-98E7-4FF4868AE03B}.Debug|x64.ActiveCfg = Debug|Any CPU
		{27BC4BBE-17E7-4F26-98E7-4FF4868AE03B}.Debug|x64.Build.0 = Debug|Any CPU
		{27BC4BBE-17E7-4F26-98E7-4FF4868AE03B}.Debug|x86.ActiveCfg = Debug|Any CPU
		{27BC4BBE-17E7-4F26-98E7-4FF4868AE03B}.Debug|x86.Build.0 = Debug|Any CPU
		{27BC4BBE-17E7-4F26-98E7-4FF4868AE03B}.Release|Any CPU.ActiveCfg = Release|Any CPU
		{27BC4BBE-17E7-4F26-98E7-4FF4868AE03B}.Release|Any CPU.Build.0 = Release|Any CPU
		{27BC4BBE-17E7-4F26-98E7-4FF4868AE03B}.Release|x64.ActiveCfg = Release|Any CPU
		{27BC4BBE-17E7-4F26-98E7-4FF4868AE03B}.Release|x64.Build.0 = Release|Any CPU
		{27BC4BBE-17E7-4F26-98E7-4FF4868AE03B}.Release|x86.ActiveCfg = Release|Any CPU
		{27BC4BBE-17E7-4F26-98E7-4FF4868AE03B}.Release|x86.Build.0 = Release|Any CPU
		{D476A67D-69D3-4EA8-90BF-F526A4BED03F}.Debug|Any CPU.ActiveCfg = Debug|Any CPU
		{D476A67D-69D3-4EA8-90BF-F526A4BED03F}.Debug|Any CPU.Build.0 = Debug|Any CPU
		{D476A67D-69D3-4EA8-90BF-F526A4BED03F}.Debug|x64.ActiveCfg = Debug|Any CPU
		{D476A67D-69D3-4EA8-90BF-F526A4BED03F}.Debug|x64.Build.0 = Debug|Any CPU
		{D476A67D-69D3-4EA8-90BF-F526A4BED03F}.Debug|x86.ActiveCfg = Debug|Any CPU
		{D476A67D-69D3-4EA8-90BF-F526A4BED03F}.Debug|x86.Build.0 = Debug|Any CPU
		{D476A67D-69D3-4EA8-90BF-F526A4BED03F}.Release|Any CPU.ActiveCfg = Release|Any CPU
		{D476A67D-69D3-4EA8-90BF-F526A4BED03F}.Release|Any CPU.Build.0 = Release|Any CPU
		{D476A67D-69D3-4EA8-90BF-F526A4BED03F}.Release|x64.ActiveCfg = Release|Any CPU
		{D476A67D-69D3-4EA8-90BF-F526A4BED03F}.Release|x64.Build.0 = Release|Any CPU
		{D476A67D-69D3-4EA8-90BF-F526A4BED03F}.Release|x86.ActiveCfg = Release|Any CPU
		{D476A67D-69D3-4EA8-90BF-F526A4BED03F}.Release|x86.Build.0 = Release|Any CPU
		{880D8D36-4711-960B-B87B-99BC5F622916}.Debug|Any CPU.ActiveCfg = Debug|Any CPU
		{880D8D36-4711-960B-B87B-99BC5F622916}.Debug|Any CPU.Build.0 = Debug|Any CPU
		{880D8D36-4711-960B-B87B-99BC5F622916}.Debug|x64.ActiveCfg = Debug|Any CPU
		{880D8D36-4711-960B-B87B-99BC5F622916}.Debug|x64.Build.0 = Debug|Any CPU
		{880D8D36-4711-960B-B87B-99BC5F622916}.Debug|x86.ActiveCfg = Debug|Any CPU
		{880D8D36-4711-960B-B87B-99BC5F622916}.Debug|x86.Build.0 = Debug|Any CPU
		{880D8D36-4711-960B-B87B-99BC5F622916}.Release|Any CPU.ActiveCfg = Release|Any CPU
		{880D8D36-4711-960B-B87B-99BC5F622916}.Release|Any CPU.Build.0 = Release|Any CPU
		{880D8D36-4711-960B-B87B-99BC5F622916}.Release|x64.ActiveCfg = Release|Any CPU
		{880D8D36-4711-960B-B87B-99BC5F622916}.Release|x64.Build.0 = Release|Any CPU
		{880D8D36-4711-960B-B87B-99BC5F622916}.Release|x86.ActiveCfg = Release|Any CPU
		{880D8D36-4711-960B-B87B-99BC5F622916}.Release|x86.Build.0 = Release|Any CPU
	EndGlobalSection
	GlobalSection(SolutionProperties) = preSolution
		HideSolutionNode = FALSE
	EndGlobalSection
	GlobalSection(NestedProjects) = preSolution
		{B5512AA7-7B9B-1802-74DB-5DED17EB80F5} = {827E0CD3-B72D-47B6-A68D-7590B98EB39B}
		{37791BE8-5AB3-4739-8E25-BF12AF72813B} = {B5512AA7-7B9B-1802-74DB-5DED17EB80F5}
		{9D753A87-7569-4162-9E67-1B3F43CDC5A0} = {B5512AA7-7B9B-1802-74DB-5DED17EB80F5}
		{7C7538B4-C7F8-4AD9-AF1F-68FEF12EDFC0} = {B5512AA7-7B9B-1802-74DB-5DED17EB80F5}
		{96F78884-C246-4B0E-9FAD-DC3A9E426AC6} = {02EA681E-C7D8-13C7-8484-4AC65E1B71E8}
		{E290651F-0E04-461B-A1FC-96547E703A76} = {02EA681E-C7D8-13C7-8484-4AC65E1B71E8}
		{F403FA4F-AA52-40A8-A541-27FF9943D05D} = {02EA681E-C7D8-13C7-8484-4AC65E1B71E8}
		{D29A9C43-8729-4D8C-B180-9A32F2A62BA3} = {02EA681E-C7D8-13C7-8484-4AC65E1B71E8}
		{B0471496-5A6E-4534-6BC1-3D819D33634B} = {827E0CD3-B72D-47B6-A68D-7590B98EB39B}
		{28406530-A0BB-4729-9286-544468122B8E} = {B0471496-5A6E-4534-6BC1-3D819D33634B}
		{386461FA-8E16-4A45-9D58-7719003E3ED3} = {B0471496-5A6E-4534-6BC1-3D819D33634B}
		{C291D1E1-E0DD-4030-98AD-DEC36E959DF9} = {B0471496-5A6E-4534-6BC1-3D819D33634B}
		{888A512A-B9C0-4B3F-B2D0-D48F62BC6FC5} = {B0471496-5A6E-4534-6BC1-3D819D33634B}
		{D68616BC-BC39-43E4-A9D0-FF84A813721B} = {DADE657F-BF36-410F-80A7-0DADC6CA341F}
		{D9CDF6F4-69C7-4241-929F-0D207E2E0F53} = {DADE657F-BF36-410F-80A7-0DADC6CA341F}
		{FAC20CFA-DC01-4137-8561-AC48EA4DA05C} = {DADE657F-BF36-410F-80A7-0DADC6CA341F}
		{6CD4E386-E2A0-4F22-8CCC-34DDA2A7CFCC} = {DADE657F-BF36-410F-80A7-0DADC6CA341F}
		{06EA7EAA-C6AD-4C9C-BA25-85F59AFF6DF0} = {0AB3BF05-4346-4AA6-1389-037BE0695223}
		{27BC4BBE-17E7-4F26-98E7-4FF4868AE03B} = {0AB3BF05-4346-4AA6-1389-037BE0695223}
		{D476A67D-69D3-4EA8-90BF-F526A4BED03F} = {0AB3BF05-4346-4AA6-1389-037BE0695223}
		{02EA681E-C7D8-13C7-8484-4AC65E1B71E8} = {827E0CD3-B72D-47B6-A68D-7590B98EB39B}
		{DADE657F-BF36-410F-80A7-0DADC6CA341F} = {827E0CD3-B72D-47B6-A68D-7590B98EB39B}
		{880D8D36-4711-960B-B87B-99BC5F622916} = {0AB3BF05-4346-4AA6-1389-037BE0695223}
	EndGlobalSection
EndGlobal
